Microsoft Visual Studio Solution File, Format Version 12.00
# Visual Studio Version 17
VisualStudioVersion = 17.5.2.0
MinimumVisualStudioVersion = 10.0.40219.1
Project("{2150E333-8FDC-42A3-9474-1A3956D46DE8}") = "vendor", "vendor", "{3EFB08DA-2EA9-FE77-18DF-C4D4293AFD9C}"
EndProject
Project("{2150E333-8FDC-42A3-9474-1A3956D46DE8}") = "assimp", "assimp", "{4D3E1E93-4B05-7210-3EE3-4F40B60AD224}"
EndProject
Project("{2150E333-8FDC-42A3-9474-1A3956D46DE8}") = "contrib", "contrib", "{5795E5F2-53A9-A0B3-E6B6-BB2917B43FAC}"
EndProject
Project("{2150E333-8FDC-42A3-9474-1A3956D46DE8}") = "zlib", "zlib", "{F3963CE1-C1C1-ECD6-9621-305FB40BBB99}"
EndProject
Project("{2150E333-8FDC-42A3-9474-1A3956D46DE8}") = "contrib", "contrib", "{147AA3FC-F7AD-D648-5CCB-1A713CB0D2C8}"
EndProject
Project("{2150E333-8FDC-42A3-9474-1A3956D46DE8}") = "dotzlib", "dotzlib", "{EF4CF792-AF59-01FD-83BF-415B23FB1F3A}"
EndProject
Project("{FAE04EC0-301F-11D3-BF4B-00C04F79EFBC}") = "DotZLib", "vendor\assimp\contrib\zlib\contrib\dotzlib\DotZLib\DotZLib.csproj", "{482C8B02-2489-0FCD-BA73-323D40CB1B40}"
EndProject
Global
	GlobalSection(SolutionConfigurationPlatforms) = preSolution
		Debug|Any CPU = Debug|Any CPU
		Release|Any CPU = Release|Any CPU
	EndGlobalSection
	GlobalSection(ProjectConfigurationPlatforms) = postSolution
		{482C8B02-2489-0FCD-BA73-323D40CB1B40}.Debug|Any CPU.ActiveCfg = Debug|Any CPU
		{482C8B02-2489-0FCD-BA73-323D40CB1B40}.Debug|Any CPU.Build.0 = Debug|Any CPU
		{482C8B02-2489-0FCD-BA73-323D40CB1B40}.Release|Any CPU.ActiveCfg = Release|Any CPU
		{482C8B02-2489-0FCD-BA73-323D40CB1B40}.Release|Any CPU.Build.0 = Release|Any CPU
	EndGlobalSection
	GlobalSection(SolutionProperties) = preSolution
		HideSolutionNode = FALSE
	EndGlobalSection
	GlobalSection(NestedProjects) = preSolution
		{4D3E1E93-4B05-7210-3EE3-4F40B60AD224} = {3EFB08DA-2EA9-FE77-18DF-C4D4293AFD9C}
		{5795E5F2-53A9-A0B3-E6B6-BB2917B43FAC} = {4D3E1E93-4B05-7210-3EE3-4F40B60AD224}
		{F3963CE1-C1C1-ECD6-9621-305FB40BBB99} = {5795E5F2-53A9-A0B3-E6B6-BB2917B43FAC}
		{147AA3FC-F7AD-D648-5CCB-1A713CB0D2C8} = {F3963CE1-C1C1-ECD6-9621-305FB40BBB99}
		{EF4CF792-AF59-01FD-83BF-415B23FB1F3A} = {147AA3FC-F7AD-D648-5CCB-1A713CB0D2C8}
		{482C8B02-2489-0FCD-BA73-323D40CB1B40} = {EF4CF792-AF59-01FD-83BF-415B23FB1F3A}
	EndGlobalSection
	GlobalSection(ExtensibilityGlobals) = postSolution
		SolutionGuid = {12B99E35-CFA6-4AB3-A06B-DD4D9667863E}
	EndGlobalSection
EndGlobal
